{
  "lockfile-version": 1,
  "manifest": {
    "schema-version": "1.13.0",
    "install": {
      "nodejs": {
        "pkg-path": "nodejs_26",
        "version": "26.3.0"
      },
      "pnpm": {
        "pkg-path": "pnpm"
      },
      "postgresql": {
        "pkg-path": "postgresql"
      },
      "python": {
        "pkg-path": "python311"
      },
      "uv": {
        "pkg-path": "uv"
      }
    },
    "vars": {
      "ADMIN_URL": "http://localhost:3001",
      "AUTH_SERVER_URL": "http://localhost:3000",
      "BETTER_AUTH_URL": "http://localhost:3000",
      "PGDATABASE": "sassyauth_0.1",
      "PGHOST": "localhost",
      "PGPORT": "5432",
      "PGUSER": "postgres",
      "TRUSTED_ORIGINS": "http://localhost:3001"
    },
    "hook": {
      "on-activate": "  export PGDATA=\"$HOME/.local/share/sassy-auth/postgres/data\"\n  export DATABASE_URL=\"postgresql://$PGUSER@$PGHOST:$PGPORT/$PGDATABASE\"\n\n  pnpm install\n  pnpm --filter @sassy-auth/db --filter @sassy-auth/types build\n\n  # Generate .env.local with secrets pre-filled on first activation\n  if [ ! -f .env.local ]; then\n    node -e '\n      const c = require(\"crypto\");\n      const fs = require(\"fs\");\n      const { privateKey, publicKey } = c.generateKeyPairSync(\"rsa\", { modulusLength: 2048 });\n      fs.writeFileSync(\"/tmp/_sassy_priv.b64\", Buffer.from(privateKey.export({ type: \"pkcs8\", format: \"pem\" })).toString(\"base64\"));\n      fs.writeFileSync(\"/tmp/_sassy_pub.b64\", Buffer.from(publicKey.export({ type: \"spki\", format: \"pem\" })).toString(\"base64\"));\n    '\n    RSA_PRIVATE_KEY=$(cat /tmp/_sassy_priv.b64)\n    RSA_PUBLIC_KEY=$(cat /tmp/_sassy_pub.b64)\n    rm -f /tmp/_sassy_priv.b64 /tmp/_sassy_pub.b64\n    BETTER_AUTH_SECRET=$(node -e \"process.stdout.write(require('crypto').randomBytes(32).toString('hex'))\")\n\n    cat > .env.local << ENVEOF\n# Auto-generated by Flox on first activation — edit as needed\n\n# Database (managed by Flox postgres service)\nDATABASE_URL=\"$DATABASE_URL\"\n\n# RSA RS256 key pair (auto-generated)\nRSA_PRIVATE_KEY=\"$RSA_PRIVATE_KEY\"\nRSA_PUBLIC_KEY=\"$RSA_PUBLIC_KEY\"\nJWT_KEY_ID=\"sassy-auth-1\"\n\n# BetterAuth\nBETTER_AUTH_SECRET=\"$BETTER_AUTH_SECRET\"\nBETTER_AUTH_URL=\"$BETTER_AUTH_URL\"\n\n# Admin console\nADMIN_URL=\"$ADMIN_URL\"\nAUTH_SERVER_URL=\"$AUTH_SERVER_URL\"\nTRUSTED_ORIGINS=\"$TRUSTED_ORIGINS\"\n\n# Social providers — fill in if needed\nGOOGLE_CLIENT_ID=\"\"\nGOOGLE_CLIENT_SECRET=\"\"\nMICROSOFT_CLIENT_ID=\"\"\nMICROSOFT_CLIENT_SECRET=\"\"\nAPPLE_CLIENT_ID=\"\"\nAPPLE_CLIENT_SECRET=\"\"\nGITHUB_CLIENT_ID=\"\"\nGITHUB_CLIENT_SECRET=\"\"\n\n# Observability — leave blank to disable in dev\nSENTRY_DSN=\"\"\nNEXT_PUBLIC_SENTRY_DSN=\"\"\nSENTRY_AUTH_TOKEN=\"\"\nSENTRY_ORG=\"\"\nSENTRY_PROJECT=\"\"\nSENTRY_ENVIRONMENT=\"\"\nLOG_LEVEL=\"\"\n\n# Other\nSQIDS_ALPHABET=\"\"\nNEXT_PUBLIC_ADMIN_CONTACT_EMAIL=\"\"\nLOGIN_NEXT_ALLOWED_ORIGINS=\"\"\nSEED_DEMO=\"\"\nENVEOF\n    echo \"✓ Generated .env.local\"\n  fi\n\n  # Initialize Postgres, run migrations and seed on first activation\n  if [ ! -d \"$PGDATA\" ]; then\n    initdb --username=\"$PGUSER\" --auth=trust\n    pg_ctl start -D \"$PGDATA\" -o \"-p $PGPORT -k /tmp\" -w -l \"$PGDATA/postgres.log\"\n    createdb -h \"$PGHOST\" -p \"$PGPORT\" -U \"$PGUSER\" \"$PGDATABASE\"\n    pnpm --filter @sassy-auth/db db:generate\n    pnpm --filter @sassy-auth/db db:migrate:deploy\n    pnpm --filter @sassy-auth/db db:seed\n    pg_ctl stop -D \"$PGDATA\" -m fast -w\n  fi\n"
    },
    "profile": {},
    "options": {},
    "services": {
      "postgres": {
        "command": "postgres -p $PGPORT -k /tmp"
      }
    }
  },
  "packages": [
    {
      "attr_path": "nodejs_26",
      "broken": false,
      "derivation": "/nix/store/i9cd2ndljnz5lpk910a61k08fahbdlih-nodejs-26.3.0.drv",
      "description": "Event-driven I/O framework for the V8 JavaScript engine",
      "install_id": "nodejs",
      "license": "MIT",
      "locked_url": "https://github.com/flox/nixpkgs?rev=567a49d1913ce81ac6e9582e3553dd90a955875f",
      "name": "nodejs-26.3.0",
      "pname": "nodejs_26",
      "rev": "567a49d1913ce81ac6e9582e3553dd90a955875f",
      "rev_count": 1017464,
      "rev_date": "2026-06-16T02:33:49Z",
      "scrape_date": "2026-06-17T03:13:39.231748Z",
      "stabilities": [
        "unstable"
      ],
      "unfree": false,
      "version": "26.3.0",
      "outputs_to_install": [
        "out"
      ],
      "outputs": {
        "out": "/nix/store/nfh1lwb8b42nn64wh8vwnjqpz2swr1vj-nodejs-26.3.0"
      },
      "system": "aarch64-darwin",
      "group": "toplevel",
      "priority": 5
    },
    {
      "attr_path": "nodejs_26",
      "broken": false,
      "derivation": "/nix/store/idb7jbsfg92az0j0pbnppvh72167fgmd-nodejs-26.3.0.drv",
      "description": "Event-driven I/O framework for the V8 JavaScript engine",
      "install_id": "nodejs",
      "license": "MIT",
      "locked_url": "https://github.com/flox/nixpkgs?rev=567a49d1913ce81ac6e9582e3553dd90a955875f",
      "name": "nodejs-26.3.0",
      "pname": "nodejs_26",
      "rev": "567a49d1913ce81ac6e9582e3553dd90a955875f",
      "rev_count": 1017464,
      "rev_date": "2026-06-16T02:33:49Z",
      "scrape_date": "2026-06-17T03:44:48.150706Z",
      "stabilities": [
        "unstable"
      ],
      "unfree": false,
      "version": "26.3.0",
      "outputs_to_install": [
        "out"
      ],
      "outputs": {
        "out": "/nix/store/f4mq152z1j84c7aj1h6w4gwa3mwvbk3z-nodejs-26.3.0"
      },
      "system": "aarch64-linux",
      "group": "toplevel",
      "priority": 5
    },
    {
      "attr_path": "nodejs_26",
      "broken": false,
      "derivation": "/nix/store/ykh05wyh7mkl1mj33zqyi4w0mplslgq3-nodejs-26.3.0.drv",
      "description": "Event-driven I/O framework for the V8 JavaScript engine",
      "install_id": "nodejs",
      "license": "MIT",
      "locked_url": "https://github.com/flox/nixpkgs?rev=567a49d1913ce81ac6e9582e3553dd90a955875f",
      "name": "nodejs-26.3.0",
      "pname": "nodejs_26",
      "rev": "567a49d1913ce81ac6e9582e3553dd90a955875f",
      "rev_count": 1017464,
      "rev_date": "2026-06-16T02:33:49Z",
      "scrape_date": "2026-06-17T04:47:47.936646Z",
      "stabilities": [
        "unstable"
      ],
      "unfree": false,
      "version": "26.3.0",
      "outputs_to_install": [
        "out"
      ],
      "outputs": {
        "out": "/nix/store/nk72hijagb0yc9rax5rr4gw8mpvmq7vw-nodejs-26.3.0"
      },
      "system": "x86_64-linux",
      "group": "toplevel",
      "priority": 5
    },
    {
      "attr_path": "pnpm",
      "broken": false,
      "derivation": "/nix/store/g0lbidwyjf1msxm3q6j5056d7hrp0kar-pnpm-11.5.3.drv",
      "description": "Fast, disk space efficient package manager for JavaScript",
      "install_id": "pnpm",
      "license": "MIT",
      "locked_url": "https://github.com/flox/nixpkgs?rev=567a49d1913ce81ac6e9582e3553dd90a955875f",
      "name": "pnpm-11.5.3",
      "pname": "pnpm",
      "rev": "567a49d1913ce81ac6e9582e3553dd90a955875f",
      "rev_count": 1017464,
      "rev_date": "2026-06-16T02:33:49Z",
      "scrape_date": "2026-06-17T03:13:54.072081Z",
      "stabilities": [
        "unstable"
      ],
      "unfree": false,
      "version": "11.5.3",
      "outputs_to_install": [
        "out"
      ],
      "outputs": {
        "out": "/nix/store/ir1v2h2wws01lf6chfcq64x7w2c6j96z-pnpm-11.5.3"
      },
      "system": "aarch64-darwin",
      "group": "toplevel",
      "priority": 5
    },
    {
      "attr_path": "pnpm",
      "broken": false,
      "derivation": "/nix/store/9znqg3mxv52y7gj1cl6m7w3vkj9mn71z-pnpm-11.5.3.drv",
      "description": "Fast, disk space efficient package manager for JavaScript",
      "install_id": "pnpm",
      "license": "MIT",
      "locked_url": "https://github.com/flox/nixpkgs?rev=567a49d1913ce81ac6e9582e3553dd90a955875f",
      "name": "pnpm-11.5.3",
      "pname": "pnpm",
      "rev": "567a49d1913ce81ac6e9582e3553dd90a955875f",
      "rev_count": 1017464,
      "rev_date": "2026-06-16T02:33:49Z",
      "scrape_date": "2026-06-17T03:45:08.162706Z",
      "stabilities": [
        "unstable"
      ],
      "unfree": false,
      "version": "11.5.3",
      "outputs_to_install": [
        "out"
      ],
      "outputs": {
        "out": "/nix/store/575mdxcjkv465s9p8fsib0bd7lkfzzfg-pnpm-11.5.3"
      },
      "system": "aarch64-linux",
      "group": "toplevel",
      "priority": 5
    },
    {
      "attr_path": "pnpm",
      "broken": false,
      "derivation": "/nix/store/k62331cv06di01fmxliz9djg0k6h1bdw-pnpm-11.5.3.drv",
      "description": "Fast, disk space efficient package manager for JavaScript",
      "install_id": "pnpm",
      "license": "MIT",
      "locked_url": "https://github.com/flox/nixpkgs?rev=567a49d1913ce81ac6e9582e3553dd90a955875f",
      "name": "pnpm-11.5.3",
      "pname": "pnpm",
      "rev": "567a49d1913ce81ac6e9582e3553dd90a955875f",
      "rev_count": 1017464,
      "rev_date": "2026-06-16T02:33:49Z",
      "scrape_date": "2026-06-17T04:48:08.540071Z",
      "stabilities": [
        "unstable"
      ],
      "unfree": false,
      "version": "11.5.3",
      "outputs_to_install": [
        "out"
      ],
      "outputs": {
        "out": "/nix/store/5jlr96h609vn5ylavrfbjbbsbrp1x61z-pnpm-11.5.3"
      },
      "system": "x86_64-linux",
      "group": "toplevel",
      "priority": 5
    },
    {
      "attr_path": "postgresql",
      "broken": false,
      "derivation": "/nix/store/kp8iay7c452pay6v8h57z3f3w1mc7145-postgresql-17.10.drv",
      "description": "Powerful, open source object-relational database system",
      "install_id": "postgresql",
      "license": "PostgreSQL",
      "locked_url": "https://github.com/flox/nixpkgs?rev=567a49d1913ce81ac6e9582e3553dd90a955875f",
      "name": "postgresql-17.10",
      "pname": "postgresql",
      "rev": "567a49d1913ce81ac6e9582e3553dd90a955875f",
      "rev_count": 1017464,
      "rev_date": "2026-06-16T02:33:49Z",
      "scrape_date": "2026-06-17T03:13:54.258807Z",
      "stabilities": [
        "unstable"
      ],
      "unfree": false,
      "version": "17.10",
      "outputs_to_install": [
        "man",
        "out"
      ],
      "outputs": {
        "dev": "/nix/store/y2yfqp710f5ggzj972wvdw27c4465g9b-postgresql-17.10-dev",
        "doc": "/nix/store/rbd7809q978mm98d2ah6q06hh1fak4g3-postgresql-17.10-doc",
        "jit": "/nix/store/jvvc8129hqsxvwxdvhgz8jhsajbyci9s-postgresql-17.10-jit",
        "lib": "/nix/store/chrd4xzfvh20skzq21p5q96cm1hwsr91-postgresql-17.10-lib",
        "man": "/nix/store/fbqgpjlxp8kjlln7f2rqlidz86dq1dxj-postgresql-17.10-man",
        "out": "/nix/store/k5mjkij9d9fcikm1pshcads63fsyf08r-postgresql-17.10",
        "plperl": "/nix/store/jfdxbynhcf8a69s2b9k2sm0yicdy9chb-postgresql-17.10-plperl",
        "plpython3": "/nix/store/x8kr0c530y07ml1f2k2q1h70j2bi5ndm-postgresql-17.10-plpython3",
        "pltcl": "/nix/store/xnqihgavm8j2p3bxrhx21v0cr4w4bvyq-postgresql-17.10-pltcl"
      },
      "system": "aarch64-darwin",
      "group": "toplevel",
      "priority": 5
    },
    {
      "attr_path": "postgresql",
      "broken": false,
      "derivation": "/nix/store/hjm4kdkfd959q5xsxczgpqxwfixic2gv-postgresql-17.10.drv",
      "description": "Powerful, open source object-relational database system",
      "install_id": "postgresql",
      "license": "PostgreSQL",
      "locked_url": "https://github.com/flox/nixpkgs?rev=567a49d1913ce81ac6e9582e3553dd90a955875f",
      "name": "postgresql-17.10",
      "pname": "postgresql",
      "rev": "567a49d1913ce81ac6e9582e3553dd90a955875f",
      "rev_count": 1017464,
      "rev_date": "2026-06-16T02:33:49Z",
      "scrape_date": "2026-06-17T03:45:08.478740Z",
      "stabilities": [
        "unstable"
      ],
      "unfree": false,
      "version": "17.10",
      "outputs_to_install": [
        "man",
        "out"
      ],
      "outputs": {
        "debug": "/nix/store/dbbqlaba1d5db0l4a5xlgzvkk16bb1ql-postgresql-17.10-debug",
        "dev": "/nix/store/ckkjpnmpd0lgs28bhq76ffbknkbw0r2l-postgresql-17.10-dev",
        "doc": "/nix/store/srbnmzjyc6fq3bp33lxv7185d85g44bg-postgresql-17.10-doc",
        "jit": "/nix/store/08a4srs7r0mskz9qnzd00h5h00008v4q-postgresql-17.10-jit",
        "lib": "/nix/store/bs4ds2zwwfjnp2bz2nqpbm3jc1xw2f76-postgresql-17.10-lib",
        "man": "/nix/store/954b3d8ksbv0s2jh3p4a0i9jfcj4f1j3-postgresql-17.10-man",
        "out": "/nix/store/cyh24i9352vrbk53nx4lvq1m98ff8aii-postgresql-17.10",
        "plperl": "/nix/store/qrwc6i1vnfhl95dy5hq9172429yf0i4w-postgresql-17.10-plperl",
        "plpython3": "/nix/store/xzhgi5yphr8awiw5ji2nmqdzqxdjshqx-postgresql-17.10-plpython3",
        "pltcl": "/nix/store/3xqvyngzy2hxckg1q4d6sbn7grj8kmnm-postgresql-17.10-pltcl"
      },
      "system": "aarch64-linux",
      "group": "toplevel",
      "priority": 5
    },
    {
      "attr_path": "postgresql",
      "broken": false,
      "derivation": "/nix/store/m4hmh7sgknl9byyq3nnww11g84354z5l-postgresql-17.10.drv",
      "description": "Powerful, open source object-relational database system",
      "install_id": "postgresql",
      "license": "PostgreSQL",
      "locked_url": "https://github.com/flox/nixpkgs?rev=567a49d1913ce81ac6e9582e3553dd90a955875f",
      "name": "postgresql-17.10",
      "pname": "postgresql",
      "rev": "567a49d1913ce81ac6e9582e3553dd90a955875f",
      "rev_count": 1017464,
      "rev_date": "2026-06-16T02:33:49Z",
      "scrape_date": "2026-06-17T04:48:08.865548Z",
      "stabilities": [
        "unstable"
      ],
      "unfree": false,
      "version": "17.10",
      "outputs_to_install": [
        "man",
        "out",
        "out",
        "out"
      ],
      "outputs": {
        "debug": "/nix/store/lfgkjigmsr1pyyyf42d5ilnc003bjxn7-postgresql-17.10-debug",
        "dev": "/nix/store/2y8a47fzhkibnfy5lzrv16ylj5rn2pj7-postgresql-17.10-dev",
        "doc": "/nix/store/c8wad1x0pmvysnfkz5d9rcpb872qc2j7-postgresql-17.10-doc",
        "jit": "/nix/store/phskfynzln3q5qhc1m0i2g7n585129yn-postgresql-17.10-jit",
        "lib": "/nix/store/h0mwgi47x8cmwyfqgbi3spsyr8hwidn0-postgresql-17.10-lib",
        "man": "/nix/store/csjq4w1qavdihdq7hywbr0cdf2rzpfz9-postgresql-17.10-man",
        "out": "/nix/store/8zm2sma9jgvq101yy4x45za4y28yd164-postgresql-17.10",
        "plperl": "/nix/store/h98zq6zgf63dwix04cp93c0m3wk29acy-postgresql-17.10-plperl",
        "plpython3": "/nix/store/wy8i0s38mq87j1cbq69i950rb26z7pz1-postgresql-17.10-plpython3",
        "pltcl": "/nix/store/dd2j50hn9p1capz9kqcbj1773v4agpfj-postgresql-17.10-pltcl"
      },
      "system": "x86_64-linux",
      "group": "toplevel",
      "priority": 5
    },
    {
      "attr_path": "python311",
      "broken": false,
      "derivation": "/nix/store/f7zm863hai1zszij9ppp5w4b9jfz3iax-python3-3.11.15.drv",
      "description": "High-level dynamically-typed programming language",
      "install_id": "python",
      "license": "Python-2.0",
      "locked_url": "https://github.com/flox/nixpkgs?rev=567a49d1913ce81ac6e9582e3553dd90a955875f",
      "name": "python3-3.11.15",
      "pname": "python311",
      "rev": "567a49d1913ce81ac6e9582e3553dd90a955875f",
      "rev_count": 1017464,
      "rev_date": "2026-06-16T02:33:49Z",
      "scrape_date": "2026-06-17T03:13:55.986693Z",
      "stabilities": [
        "unstable"
      ],
      "unfree": false,
      "version": "python3-3.11.15",
      "outputs_to_install": [
        "out"
      ],
      "outputs": {
        "out": "/nix/store/3rnwb06acrgdggxkgpm7fnklbxqs5mw6-python3-3.11.15"
      },
      "system": "aarch64-darwin",
      "group": "toplevel",
      "priority": 5
    },
    {
      "attr_path": "python311",
      "broken": false,
      "derivation": "/nix/store/9s80wnvxymd9zw4p768ini1xnh2wkn0v-python3-3.11.15.drv",
      "description": "High-level dynamically-typed programming language",
      "install_id": "python",
      "license": "Python-2.0",
      "locked_url": "https://github.com/flox/nixpkgs?rev=567a49d1913ce81ac6e9582e3553dd90a955875f",
      "name": "python3-3.11.15",
      "pname": "python311",
      "rev": "567a49d1913ce81ac6e9582e3553dd90a955875f",
      "rev_count": 1017464,
      "rev_date": "2026-06-16T02:33:49Z",
      "scrape_date": "2026-06-17T03:45:10.918787Z",
      "stabilities": [
        "unstable"
      ],
      "unfree": false,
      "version": "python3-3.11.15",
      "outputs_to_install": [
        "out"
      ],
      "outputs": {
        "debug": "/nix/store/vkj2zgalz9hafbqkspgisi6ax1iijcn5-python3-3.11.15-debug",
        "out": "/nix/store/ap1lv6903hg9lhaixb3vyqxk0ix99vm1-python3-3.11.15"
      },
      "system": "aarch64-linux",
      "group": "toplevel",
      "priority": 5
    },
    {
      "attr_path": "python311",
      "broken": false,
      "derivation": "/nix/store/cc94n19221rv4hkrml3aq2pwy9ir595v-python3-3.11.15.drv",
      "description": "High-level dynamically-typed programming language",
      "install_id": "python",
      "license": "Python-2.0",
      "locked_url": "https://github.com/flox/nixpkgs?rev=567a49d1913ce81ac6e9582e3553dd90a955875f",
      "name": "python3-3.11.15",
      "pname": "python311",
      "rev": "567a49d1913ce81ac6e9582e3553dd90a955875f",
      "rev_count": 1017464,
      "rev_date": "2026-06-16T02:33:49Z",
      "scrape_date": "2026-06-17T04:48:11.371493Z",
      "stabilities": [
        "unstable"
      ],
      "unfree": false,
      "version": "python3-3.11.15",
      "outputs_to_install": [
        "out"
      ],
      "outputs": {
        "debug": "/nix/store/yrllyw58ssiwap5bb50jxc8pk9kqh68v-python3-3.11.15-debug",
        "out": "/nix/store/c6yb989sl77467xxwhylnkph1pqyi47p-python3-3.11.15"
      },
      "system": "x86_64-linux",
      "group": "toplevel",
      "priority": 5
    },
    {
      "attr_path": "uv",
      "broken": false,
      "derivation": "/nix/store/g2v83w67p7idivqaqaw3b14g20pqph7r-uv-0.11.19.drv",
      "description": "Extremely fast Python package installer and resolver, written in Rust",
      "install_id": "uv",
      "license": "[ Apache-2.0, MIT ]",
      "locked_url": "https://github.com/flox/nixpkgs?rev=567a49d1913ce81ac6e9582e3553dd90a955875f",
      "name": "uv-0.11.19",
      "pname": "uv",
      "rev": "567a49d1913ce81ac6e9582e3553dd90a955875f",
      "rev_count": 1017464,
      "rev_date": "2026-06-16T02:33:49Z",
      "scrape_date": "2026-06-17T03:16:02.075201Z",
      "stabilities": [
        "unstable"
      ],
      "unfree": false,
      "version": "0.11.19",
      "outputs_to_install": [
        "out"
      ],
      "outputs": {
        "out": "/nix/store/85f6iib2zbi10bkkimkazkin1iv2b7nc-uv-0.11.19"
      },
      "system": "aarch64-darwin",
      "group": "toplevel",
      "priority": 5
    },
    {
      "attr_path": "uv",
      "broken": false,
      "derivation": "/nix/store/z16lgmrwgsa4qb5bgavcb4rb796arczr-uv-0.11.19.drv",
      "description": "Extremely fast Python package installer and resolver, written in Rust",
      "install_id": "uv",
      "license": "[ Apache-2.0, MIT ]",
      "locked_url": "https://github.com/flox/nixpkgs?rev=567a49d1913ce81ac6e9582e3553dd90a955875f",
      "name": "uv-0.11.19",
      "pname": "uv",
      "rev": "567a49d1913ce81ac6e9582e3553dd90a955875f",
      "rev_count": 1017464,
      "rev_date": "2026-06-16T02:33:49Z",
      "scrape_date": "2026-06-17T03:47:42.802917Z",
      "stabilities": [
        "unstable"
      ],
      "unfree": false,
      "version": "0.11.19",
      "outputs_to_install": [
        "out"
      ],
      "outputs": {
        "out": "/nix/store/d247y1hg4d7hb38h3bnb6r503qy2ky78-uv-0.11.19"
      },
      "system": "aarch64-linux",
      "group": "toplevel",
      "priority": 5
    },
    {
      "attr_path": "uv",
      "broken": false,
      "derivation": "/nix/store/6gsa8bwxzr74ilavh9xy2nr40k0p58k7-uv-0.11.19.drv",
      "description": "Extremely fast Python package installer and resolver, written in Rust",
      "install_id": "uv",
      "license": "[ Apache-2.0, MIT ]",
      "locked_url": "https://github.com/flox/nixpkgs?rev=567a49d1913ce81ac6e9582e3553dd90a955875f",
      "name": "uv-0.11.19",
      "pname": "uv",
      "rev": "567a49d1913ce81ac6e9582e3553dd90a955875f",
      "rev_count": 1017464,
      "rev_date": "2026-06-16T02:33:49Z",
      "scrape_date": "2026-06-17T04:50:46.018941Z",
      "stabilities": [
        "unstable"
      ],
      "unfree": false,
      "version": "0.11.19",
      "outputs_to_install": [
        "out"
      ],
      "outputs": {
        "out": "/nix/store/2xqsvim09lc968bc67w0jvxpp2j4lfm5-uv-0.11.19"
      },
      "system": "x86_64-linux",
      "group": "toplevel",
      "priority": 5
    }
  ]
}
