{
  "lockfile-version": 1,
  "manifest": {
    "schema-version": "1.13.0",
    "install": {
      "nodejs": {
        "pkg-path": "nodejs_26",
        "version": "26.3.0"
      }
    },
    "hook": {
      "on-activate": "  # Autogenerated by Flox\n\n  # Install nodejs dependencies\n  npm install\n\n  # End autogenerated by Flox\n"
    },
    "profile": {},
    "options": {}
  },
  "packages": [
    {
      "attr_path": "nodejs_26",
      "broken": false,
      "derivation": "/nix/store/i9cd2ndljnz5lpk910a61k08fahbdlih-nodejs-26.3.0.drv",
      "description": "Event-driven I/O framework for the V8 JavaScript engine",
      "install_id": "nodejs",
      "license": "MIT",
      "locked_url": "https://github.com/flox/nixpkgs?rev=567a49d1913ce81ac6e9582e3553dd90a955875f",
      "name": "nodejs-26.3.0",
      "pname": "nodejs_26",
      "rev": "567a49d1913ce81ac6e9582e3553dd90a955875f",
      "rev_count": 1017464,
      "rev_date": "2026-06-16T02:33:49Z",
      "scrape_date": "2026-06-17T03:13:39.231748Z",
      "stabilities": [
        "unstable"
      ],
      "unfree": false,
      "version": "26.3.0",
      "outputs_to_install": [
        "out"
      ],
      "outputs": {
        "out": "/nix/store/nfh1lwb8b42nn64wh8vwnjqpz2swr1vj-nodejs-26.3.0"
      },
      "system": "aarch64-darwin",
      "group": "toplevel",
      "priority": 5
    },
    {
      "attr_path": "nodejs_26",
      "broken": false,
      "derivation": "/nix/store/idb7jbsfg92az0j0pbnppvh72167fgmd-nodejs-26.3.0.drv",
      "description": "Event-driven I/O framework for the V8 JavaScript engine",
      "install_id": "nodejs",
      "license": "MIT",
      "locked_url": "https://github.com/flox/nixpkgs?rev=567a49d1913ce81ac6e9582e3553dd90a955875f",
      "name": "nodejs-26.3.0",
      "pname": "nodejs_26",
      "rev": "567a49d1913ce81ac6e9582e3553dd90a955875f",
      "rev_count": 1017464,
      "rev_date": "2026-06-16T02:33:49Z",
      "scrape_date": "2026-06-17T03:44:48.150706Z",
      "stabilities": [
        "unstable"
      ],
      "unfree": false,
      "version": "26.3.0",
      "outputs_to_install": [
        "out"
      ],
      "outputs": {
        "out": "/nix/store/f4mq152z1j84c7aj1h6w4gwa3mwvbk3z-nodejs-26.3.0"
      },
      "system": "aarch64-linux",
      "group": "toplevel",
      "priority": 5
    },
    {
      "attr_path": "nodejs_26",
      "broken": false,
      "derivation": "/nix/store/gp962mrmr1h49z2m6s8k4r0y7w7mmwm1-nodejs-26.3.0.drv",
      "description": "Event-driven I/O framework for the V8 JavaScript engine",
      "install_id": "nodejs",
      "license": "MIT",
      "locked_url": "https://github.com/flox/nixpkgs?rev=567a49d1913ce81ac6e9582e3553dd90a955875f",
      "name": "nodejs-26.3.0",
      "pname": "nodejs_26",
      "rev": "567a49d1913ce81ac6e9582e3553dd90a955875f",
      "rev_count": 1017464,
      "rev_date": "2026-06-16T02:33:49Z",
      "scrape_date": "2026-06-17T04:13:32.480785Z",
      "stabilities": [
        "unstable"
      ],
      "unfree": false,
      "version": "26.3.0",
      "outputs_to_install": [
        "out"
      ],
      "outputs": {
        "out": "/nix/store/24psmxnybpswr7r21vrdca2lji15rfjl-nodejs-26.3.0"
      },
      "system": "x86_64-darwin",
      "group": "toplevel",
      "priority": 5
    },
    {
      "attr_path": "nodejs_26",
      "broken": false,
      "derivation": "/nix/store/ykh05wyh7mkl1mj33zqyi4w0mplslgq3-nodejs-26.3.0.drv",
      "description": "Event-driven I/O framework for the V8 JavaScript engine",
      "install_id": "nodejs",
      "license": "MIT",
      "locked_url": "https://github.com/flox/nixpkgs?rev=567a49d1913ce81ac6e9582e3553dd90a955875f",
      "name": "nodejs-26.3.0",
      "pname": "nodejs_26",
      "rev": "567a49d1913ce81ac6e9582e3553dd90a955875f",
      "rev_count": 1017464,
      "rev_date": "2026-06-16T02:33:49Z",
      "scrape_date": "2026-06-17T04:47:47.936646Z",
      "stabilities": [
        "unstable"
      ],
      "unfree": false,
      "version": "26.3.0",
      "outputs_to_install": [
        "out"
      ],
      "outputs": {
        "out": "/nix/store/nk72hijagb0yc9rax5rr4gw8mpvmq7vw-nodejs-26.3.0"
      },
      "system": "x86_64-linux",
      "group": "toplevel",
      "priority": 5
    }
  ]
}
